<?xml version="1.0" encoding="utf-8"?>
<Project ToolsVersion="4.0" xmlns="http://schemas.microsoft.com/developer/msbuild/2003">
  <ItemGroup>
    <Filter Include="Source Files">
      <UniqueIdentifier>{4FC737F1-C7A5-4376-A066-2A32D752A2FF}</UniqueIdentifier>
      <Extensions>cpp;c;cc;cxx;def;odl;idl;hpj;bat;asm;asmx</Extensions>
    </Filter>
    <Filter Include="Header Files">
      <UniqueIdentifier>{93995380-89BD-4b04-88EB-625FBE52EBFB}</UniqueIdentifier>
      <Extensions>h;hh;hpp;hxx;hm;inl;inc;xsd</Extensions>
    </Filter>
    <Filter Include="Resource Files">
      <UniqueIdentifier>{67DA6AB6-F800-4c08-8B7A-83BB121AAD01}</UniqueIdentifier>
      <Extensions>rc;ico;cur;bmp;dlg;rc2;rct;bin;rgs;gif;jpg;jpeg;jpe;resx;tiff;tif;png;wav;mfcribbon-ms</Extensions>
    </Filter>
    <Filter Include="Source Files\shorthair">
      <UniqueIdentifier>{6b8becf0-6cd5-4b74-a0e9-83091d271bc1}</UniqueIdentifier>
    </Filter>
    <Filter Include="Source Files\libcat">
      <UniqueIdentifier>{b1c23d7a-1e01-4a09-8ac0-32a7e02f5b85}</UniqueIdentifier>
    </Filter>
    <Filter Include="Header Files\libcat">
      <UniqueIdentifier>{9e92cb47-406b-467a-a17a-8f7263a6a2a1}</UniqueIdentifier>
    </Filter>
    <Filter Include="Header Files\shorthair">
      <UniqueIdentifier>{8edd5ff4-a6bf-43e2-99bc-131f56f99931}</UniqueIdentifier>
    </Filter>
    <Filter Include="Header Files\longhair">
      <UniqueIdentifier>{c52eac48-0ec2-4869-b9ca-6c54db837fac}</UniqueIdentifier>
    </Filter>
    <Filter Include="Source Files\longhair">
      <UniqueIdentifier>{4e640c99-09a5-49c9-9f3e-3ef41f171444}</UniqueIdentifier>
    </Filter>
    <Filter Include="Source Files\tests">
      <UniqueIdentifier>{43e7adcf-1b54-4852-a67d-28e0c0d2b1b0}</UniqueIdentifier>
    </Filter>
  </ItemGroup>
  <ItemGroup>
    <ClCompile Include="..\src\Shorthair.cpp">
      <Filter>Source Files\shorthair</Filter>
    </ClCompile>
    <ClCompile Include="..\libcat\EndianNeutral.cpp">
      <Filter>Source Files\libcat</Filter>
    </ClCompile>
    <ClCompile Include="..\libcat\Mutex.cpp">
      <Filter>Source Files\libcat</Filter>
    </ClCompile>
    <ClCompile Include="..\libcat\BitMath.cpp">
      <Filter>Source Files\libcat</Filter>
    </ClCompile>
    <ClCompile Include="..\longhair\src\cauchy_256.cpp">
      <Filter>Source Files\longhair</Filter>
    </ClCompile>
    <ClCompile Include="..\tests\Tester.cpp">
      <Filter>Source Files\tests</Filter>
    </ClCompile>
    <ClCompile Include="..\libcat\Clock.cpp">
      <Filter>Source Files\libcat</Filter>
    </ClCompile>
    <ClCompile Include="..\libcat\MemSwap.cpp">
      <Filter>Source Files\libcat</Filter>
    </ClCompile>
    <ClCompile Include="..\libcat\MemXOR.cpp">
      <Filter>Source Files\libcat</Filter>
    </ClCompile>
    <ClCompile Include="..\libcat\ReuseAllocator.cpp">
      <Filter>Source Files\libcat</Filter>
    </ClCompile>
    <ClCompile Include="..\libcat\Enforcer.cpp">
      <Filter>Source Files\libcat</Filter>
    </ClCompile>
  </ItemGroup>
  <ItemGroup>
    <ClInclude Include="..\libcat\EndianNeutral.hpp">
      <Filter>Header Files\libcat</Filter>
    </ClInclude>
    <ClInclude Include="..\libcat\Config.hpp">
      <Filter>Header Files\libcat</Filter>
    </ClInclude>
    <ClInclude Include="..\libcat\Mutex.hpp">
      <Filter>Header Files\libcat</Filter>
    </ClInclude>
    <ClInclude Include="..\libcat\Platform.hpp">
      <Filter>Header Files\libcat</Filter>
    </ClInclude>
    <ClInclude Include="..\libcat\BitMath.hpp">
      <Filter>Header Files\libcat</Filter>
    </ClInclude>
    <ClInclude Include="..\include\Shorthair.hpp">
      <Filter>Header Files\shorthair</Filter>
    </ClInclude>
    <ClInclude Include="..\include\ShorthairDetails.hpp">
      <Filter>Header Files\shorthair</Filter>
    </ClInclude>
    <ClInclude Include="..\longhair\include\cauchy_256.h">
      <Filter>Header Files\longhair</Filter>
    </ClInclude>
    <ClInclude Include="..\libcat\Clock.hpp">
      <Filter>Header Files\libcat</Filter>
    </ClInclude>
    <ClInclude Include="..\libcat\MemSwap.hpp">
      <Filter>Header Files\libcat</Filter>
    </ClInclude>
    <ClInclude Include="..\libcat\MemXOR.hpp">
      <Filter>Header Files\libcat</Filter>
    </ClInclude>
    <ClInclude Include="..\libcat\ReuseAllocator.hpp">
      <Filter>Header Files\libcat</Filter>
    </ClInclude>
    <ClInclude Include="..\libcat\Enforcer.hpp">
      <Filter>Header Files\libcat</Filter>
    </ClInclude>
    <ClInclude Include="..\libcat\AbyssinianPRNG.hpp">
      <Filter>Header Files\libcat</Filter>
    </ClInclude>
  </ItemGroup>
  <ItemGroup>
    <None Include="..\longhair\src\cauchy_tables_256.inc">
      <Filter>Source Files\longhair</Filter>
    </None>
  </ItemGroup>
</Project>